// !$*UTF8*$!
{
	archiveVersion = 1;
	classes = {
	};
	objectVersion = 48;
	objects = {

/* Begin PBXBuildFile section */
		193C77641FD87E3300D5313B /* GameOverScene.swift in Sources */ = {isa = PBXBuildFile; fileRef = 193C77631FD87E3300D5313B /* GameOverScene.swift */; };
		193C77661FD91BC000D5313B /* README.md in Resources */ = {isa = PBXBuildFile; fileRef = 193C77651FD91BC000D5313B /* README.md */; };
		193C77681FD9249C00D5313B /* DESIGN.md in Resources */ = {isa = PBXBuildFile; fileRef = 193C77671FD9249C00D5313B /* DESIGN.md */; };
		1985044A1FCDCA2B006B5222 /* AppDelegate.swift in Sources */ = {isa = PBXBuildFile; fileRef = 198504491FCDCA2B006B5222 /* AppDelegate.swift */; };
		198504501FCDCA2B006B5222 /* GameScene.swift in Sources */ = {isa = PBXBuildFile; fileRef = 1985044F1FCDCA2B006B5222 /* GameScene.swift */; };
		198504521FCDCA2B006B5222 /* GameViewController.swift in Sources */ = {isa = PBXBuildFile; fileRef = 198504511FCDCA2B006B5222 /* GameViewController.swift */; };
		198504551FCDCA2B006B5222 /* Main.storyboard in Resources */ = {isa = PBXBuildFile; fileRef = 198504531FCDCA2B006B5222 /* Main.storyboard */; };
		198504571FCDCA2B006B5222 /* Assets.xcassets in Resources */ = {isa = PBXBuildFile; fileRef = 198504561FCDCA2B006B5222 /* Assets.xcassets */; };
		1985045A1FCDCA2B006B5222 /* LaunchScreen.storyboard in Resources */ = {isa = PBXBuildFile; fileRef = 198504581FCDCA2B006B5222 /* LaunchScreen.storyboard */; };
		198504651FCDCA2B006B5222 /* BrickBreakerTests.swift in Sources */ = {isa = PBXBuildFile; fileRef = 198504641FCDCA2B006B5222 /* BrickBreakerTests.swift */; };
		198504701FCDCA2B006B5222 /* BrickBreakerUITests.swift in Sources */ = {isa = PBXBuildFile; fileRef = 1985046F1FCDCA2B006B5222 /* BrickBreakerUITests.swift */; };
/* End PBXBuildFile section */

/* Begin PBXContainerItemProxy section */
		198504611FCDCA2B006B5222 /* PBXContainerItemProxy */ = {
			isa = PBXContainerItemProxy;
			containerPortal = 1985043E1FCDCA2B006B5222 /* Project object */;
			proxyType = 1;
			remoteGlobalIDString = 198504451FCDCA2B006B5222;
			remoteInfo = BrickBreaker;
		};
		1985046C1FCDCA2B006B5222 /* PBXContainerItemProxy */ = {
			isa = PBXContainerItemProxy;
			containerPortal = 1985043E1FCDCA2B006B5222 /* Project object */;
			proxyType = 1;
			remoteGlobalIDString = 198504451FCDCA2B006B5222;
			remoteInfo = BrickBreaker;
		};
/* End PBXContainerItemProxy section */

/* Begin PBXFileReference section */
		193C77631FD87E3300D5313B /* GameOverScene.swift */ = {isa = PBXFileReference; lastKnownFileType = sourcecode.swift; path = GameOverScene.swift; sourceTree = "<group>"; };
		193C77651FD91BC000D5313B /* README.md */ = {isa = PBXFileReference; fileEncoding = 4; lastKnownFileType = net.daringfireball.markdown; path = README.md; sourceTree = "<group>"; };
		193C77671FD9249C00D5313B /* DESIGN.md */ = {isa = PBXFileReference; fileEncoding = 4; lastKnownFileType = net.daringfireball.markdown; path = DESIGN.md; sourceTree = "<group>"; };
		198504461FCDCA2B006B5222 /* BrickBreaker.app */ = {isa = PBXFileReference; explicitFileType = wrapper.application; includeInIndex = 0; path = BrickBreaker.app; sourceTree = BUILT_PRODUCTS_DIR; };
		198504491FCDCA2B006B5222 /* AppDelegate.swift */ = {isa = PBXFileReference; lastKnownFileType = sourcecode.swift; path = AppDelegate.swift; sourceTree = "<group>"; };
		1985044F1FCDCA2B006B5222 /* GameScene.swift */ = {isa = PBXFileReference; lastKnownFileType = sourcecode.swift; path = GameScene.swift; sourceTree = "<group>"; };
		198504511FCDCA2B006B5222 /* GameViewController.swift */ = {isa = PBXFileReference; lastKnownFileType = sourcecode.swift; path = GameViewController.swift; sourceTree = "<group>"; };
		198504541FCDCA2B006B5222 /* Base */ = {isa = PBXFileReference; lastKnownFileType = file.storyboard; name = Base; path = Base.lproj/Main.storyboard; sourceTree = "<group>"; };
		198504561FCDCA2B006B5222 /* Assets.xcassets */ = {isa = PBXFileReference; lastKnownFileType = folder.assetcatalog; path = Assets.xcassets; sourceTree = "<group>"; };
		198504591FCDCA2B006B5222 /* Base */ = {isa = PBXFileReference; lastKnownFileType = file.storyboard; name = Base; path = Base.lproj/LaunchScreen.storyboard; sourceTree = "<group>"; };
		1985045B1FCDCA2B006B5222 /* Info.plist */ = {isa = PBXFileReference; lastKnownFileType = text.plist.xml; path = Info.plist; sourceTree = "<group>"; };
		198504601FCDCA2B006B5222 /* BrickBreakerTests.xctest */ = {isa = PBXFileReference; explicitFileType = wrapper.cfbundle; includeInIndex = 0; path = BrickBreakerTests.xctest; sourceTree = BUILT_PRODUCTS_DIR; };
		198504641FCDCA2B006B5222 /* BrickBreakerTests.swift */ = {isa = PBXFileReference; lastKnownFileType = sourcecode.swift; path = BrickBreakerTests.swift; sourceTree = "<group>"; };
		198504661FCDCA2B006B5222 /* Info.plist */ = {isa = PBXFileReference; lastKnownFileType = text.plist.xml; path = Info.plist; sourceTree = "<group>"; };
		1985046B1FCDCA2B006B5222 /* BrickBreakerUITests.xctest */ = {isa = PBXFileReference; explicitFileType = wrapper.cfbundle; includeInIndex = 0; path = BrickBreakerUITests.xctest; sourceTree = BUILT_PRODUCTS_DIR; };
		1985046F1FCDCA2B006B5222 /* BrickBreakerUITests.swift */ = {isa = PBXFileReference; lastKnownFileType = sourcecode.swift; path = BrickBreakerUITests.swift; sourceTree = "<group>"; };
		198504711FCDCA2B006B5222 /* Info.plist */ = {isa = PBXFileReference; lastKnownFileType = text.plist.xml; path = Info.plist; sourceTree = "<group>"; };
/* End PBXFileReference section */

/* Begin PBXFrameworksBuildPhase section */
		198504431FCDCA2B006B5222 /* Frameworks */ = {
			isa = PBXFrameworksBuildPhase;
			buildActionMask = 2147483647;
			files = (
			);
			runOnlyForDeploymentPostprocessing = 0;
		};
		1985045D1FCDCA2B006B5222 /* Frameworks */ = {
			isa = PBXFrameworksBuildPhase;
			buildActionMask = 2147483647;
			files = (
			);
			runOnlyForDeploymentPostprocessing = 0;
		};
		198504681FCDCA2B006B5222 /* Frameworks */ = {
			isa = PBXFrameworksBuildPhase;
			buildActionMask = 2147483647;
			files = (
			);
			runOnlyForDeploymentPostprocessing = 0;
		};
/* End PBXFrameworksBuildPhase section */

/* Begin PBXGroup section */
		1985043D1FCDCA2B006B5222 = {
			isa = PBXGroup;
			children = (
				198504481FCDCA2B006B5222 /* BrickBreaker */,
				198504631FCDCA2B006B5222 /* BrickBreakerTests */,
				1985046E1FCDCA2B006B5222 /* BrickBreakerUITests */,
				198504471FCDCA2B006B5222 /* Products */,
			);
			sourceTree = "<group>";
		};
		198504471FCDCA2B006B5222 /* Products */ = {
			isa = PBXGroup;
			children = (
				198504461FCDCA2B006B5222 /* BrickBreaker.app */,
				198504601FCDCA2B006B5222 /* BrickBreakerTests.xctest */,
				1985046B1FCDCA2B006B5222 /* BrickBreakerUITests.xctest */,
			);
			name = Products;
			sourceTree = "<group>";
		};
		198504481FCDCA2B006B5222 /* BrickBreaker */ = {
			isa = PBXGroup;
			children = (
				193C77651FD91BC000D5313B /* README.md */,
				193C77671FD9249C00D5313B /* DESIGN.md */,
				198504491FCDCA2B006B5222 /* AppDelegate.swift */,
				1985044F1FCDCA2B006B5222 /* GameScene.swift */,
				193C77631FD87E3300D5313B /* GameOverScene.swift */,
				198504511FCDCA2B006B5222 /* GameViewController.swift */,
				198504531FCDCA2B006B5222 /* Main.storyboard */,
				198504561FCDCA2B006B5222 /* Assets.xcassets */,
				198504581FCDCA2B006B5222 /* LaunchScreen.storyboard */,
				1985045B1FCDCA2B006B5222 /* Info.plist */,
			);
			path = BrickBreaker;
			sourceTree = "<group>";
		};
		198504631FCDCA2B006B5222 /* BrickBreakerTests */ = {
			isa = PBXGroup;
			children = (
				198504641FCDCA2B006B5222 /* BrickBreakerTests.swift */,
				198504661FCDCA2B006B5222 /* Info.plist */,
			);
			path = BrickBreakerTests;
			sourceTree = "<group>";
		};
		1985046E1FCDCA2B006B5222 /* BrickBreakerUITests */ = {
			isa = PBXGroup;
			children = (
				1985046F1FCDCA2B006B5222 /* BrickBreakerUITests.swift */,
				198504711FCDCA2B006B5222 /* Info.plist */,
			);
			path = BrickBreakerUITests;
			sourceTree = "<group>";
		};
/* End PBXGroup section */

/* Begin PBXNativeTarget section */
		198504451FCDCA2B006B5222 /* BrickBreaker */ = {
			isa = PBXNativeTarget;
			buildConfigurationList = 198504741FCDCA2B006B5222 /* Build configuration list for PBXNativeTarget "BrickBreaker" */;
			buildPhases = (
				198504421FCDCA2B006B5222 /* Sources */,
				198504431FCDCA2B006B5222 /* Frameworks */,
				198504441FCDCA2B006B5222 /* Resources */,
			);
			buildRules = (
			);
			dependencies = (
			);
			name = BrickBreaker;
			productName = BrickBreaker;
			productReference = 198504461FCDCA2B006B5222 /* BrickBreaker.app */;
			productType = "com.apple.product-type.application";
		};
		1985045F1FCDCA2B006B5222 /* BrickBreakerTests */ = {
			isa = PBXNativeTarget;
			buildConfigurationList = 198504771FCDCA2B006B5222 /* Build configuration list for PBXNativeTarget "BrickBreakerTests" */;
			buildPhases = (
				1985045C1FCDCA2B006B5222 /* Sources */,
				1985045D1FCDCA2B006B5222 /* Frameworks */,
				1985045E1FCDCA2B006B5222 /* Resources */,
			);
			buildRules = (
			);
			dependencies = (
				198504621FCDCA2B006B5222 /* PBXTargetDependency */,
			);
			name = BrickBreakerTests;
			productName = BrickBreakerTests;
			productReference = 198504601FCDCA2B006B5222 /* BrickBreakerTests.xctest */;
			productType = "com.apple.product-type.bundle.unit-test";
		};
		1985046A1FCDCA2B006B5222 /* BrickBreakerUITests */ = {
			isa = PBXNativeTarget;
			buildConfigurationList = 1985047A1FCDCA2B006B5222 /* Build configuration list for PBXNativeTarget "BrickBreakerUITests" */;
			buildPhases = (
				198504671FCDCA2B006B5222 /* Sources */,
				198504681FCDCA2B006B5222 /* Frameworks */,
				198504691FCDCA2B006B5222 /* Resources */,
			);
			buildRules = (
			);
			dependencies = (
				1985046D1FCDCA2B006B5222 /* PBXTargetDependency */,
			);
			name = BrickBreakerUITests;
			productName = BrickBreakerUITests;
			productReference = 1985046B1FCDCA2B006B5222 /* BrickBreakerUITests.xctest */;
			productType = "com.apple.product-type.bundle.ui-testing";
		};
/* End PBXNativeTarget section */

/* Begin PBXProject section */
		1985043E1FCDCA2B006B5222 /* Project object */ = {
			isa = PBXProject;
			attributes = {
				LastSwiftUpdateCheck = 0910;
				LastUpgradeCheck = 0910;
				ORGANIZATIONNAME = "Matthew Gilbert";
				TargetAttributes = {
					198504451FCDCA2B006B5222 = {
						CreatedOnToolsVersion = 9.1;
						ProvisioningStyle = Automatic;
					};
					1985045F1FCDCA2B006B5222 = {
						CreatedOnToolsVersion = 9.1;
						ProvisioningStyle = Automatic;
						TestTargetID = 198504451FCDCA2B006B5222;
					};
					1985046A1FCDCA2B006B5222 = {
						CreatedOnToolsVersion = 9.1;
						ProvisioningStyle = Automatic;
						TestTargetID = 198504451FCDCA2B006B5222;
					};
				};
			};
			buildConfigurationList = 198504411FCDCA2B006B5222 /* Build configuration list for PBXProject "BrickBreaker" */;
			compatibilityVersion = "Xcode 8.0";
			developmentRegion = en;
			hasScannedForEncodings = 0;
			knownRegions = (
				en,
				Base,
			);
			mainGroup = 1985043D1FCDCA2B006B5222;
			productRefGroup = 198504471FCDCA2B006B5222 /* Products */;
			projectDirPath = "";
			projectRoot = "";
			targets = (
				198504451FCDCA2B006B5222 /* BrickBreaker */,
				1985045F1FCDCA2B006B5222 /* BrickBreakerTests */,
				1985046A1FCDCA2B006B5222 /* BrickBreakerUITests */,
			);
		};
/* End PBXProject section */

/* Begin PBXResourcesBuildPhase section */
		198504441FCDCA2B006B5222 /* Resources */ = {
			isa = PBXResourcesBuildPhase;
			buildActionMask = 2147483647;
			files = (
				198504551FCDCA2B006B5222 /* Main.storyboard in Resources */,
				198504571FCDCA2B006B5222 /* Assets.xcassets in Resources */,
				193C77661FD91BC000D5313B /* README.md in Resources */,
				1985045A1FCDCA2B006B5222 /* LaunchScreen.storyboard in Resources */,
				193C77681FD9249C00D5313B /* DESIGN.md in Resources */,
			);
			runOnlyForDeploymentPostprocessing = 0;
		};
		1985045E1FCDCA2B006B5222 /* Resources */ = {
			isa = PBXResourcesBuildPhase;
			buildActionMask = 2147483647;
			files = (
			);
			runOnlyForDeploymentPostprocessing = 0;
		};
		198504691FCDCA2B006B5222 /* Resources */ = {
			isa = PBXResourcesBuildPhase;
			buildActionMask = 2147483647;
			files = (
			);
			runOnlyForDeploymentPostprocessing = 0;
		};
/* End PBXResourcesBuildPhase section */

/* Begin PBXSourcesBuildPhase section */
		198504421FCDCA2B006B5222 /* Sources */ = {
			isa = PBXSourcesBuildPhase;
			buildActionMask = 2147483647;
			files = (
				198504501FCDCA2B006B5222 /* GameScene.swift in Sources */,
				193C77641FD87E3300D5313B /* GameOverScene.swift in Sources */,
				198504521FCDCA2B006B5222 /* GameViewController.swift in Sources */,
				1985044A1FCDCA2B006B5222 /* AppDelegate.swift in Sources */,
			);
			runOnlyForDeploymentPostprocessing = 0;
		};
		1985045C1FCDCA2B006B5222 /* Sources */ = {
			isa = PBXSourcesBuildPhase;
			buildActionMask = 2147483647;
			files = (
				198504651FCDCA2B006B5222 /* BrickBreakerTests.swift in Sources */,
			);
			runOnlyForDeploymentPostprocessing = 0;
		};
		198504671FCDCA2B006B5222 /* Sources */ = {
			isa = PBXSourcesBuildPhase;
			buildActionMask = 2147483647;
			files = (
				198504701FCDCA2B006B5222 /* BrickBreakerUITests.swift in Sources */,
			);
			runOnlyForDeploymentPostprocessing = 0;
		};
/* End PBXSourcesBuildPhase section */

/* Begin PBXTargetDependency section */
		198504621FCDCA2B006B5222 /* PBXTargetDependency */ = {
			isa = PBXTargetDependency;
			target = 198504451FCDCA2B006B5222 /* BrickBreaker */;
			targetProxy = 198504611FCDCA2B006B5222 /* PBXContainerItemProxy */;
		};
		1985046D1FCDCA2B006B5222 /* PBXTargetDependency */ = {
			isa = PBXTargetDependency;
			target = 198504451FCDCA2B006B5222 /* BrickBreaker */;
			targetProxy = 1985046C1FCDCA2B006B5222 /* PBXContainerItemProxy */;
		};
/* End PBXTargetDependency section */

/* Begin PBXVariantGroup section */
		198504531FCDCA2B006B5222 /* Main.storyboard */ = {
			isa = PBXVariantGroup;
			children = (
				198504541FCDCA2B006B5222 /* Base */,
			);
			name = Main.storyboard;
			sourceTree = "<group>";
		};
		198504581FCDCA2B006B5222 /* LaunchScreen.storyboard */ = {
			isa = PBXVariantGroup;
			children = (
				198504591FCDCA2B006B5222 /* Base */,
			);
			name = LaunchScreen.storyboard;
			sourceTree = "<group>";
		};
/* End PBXVariantGroup section */

/* Begin XCBuildConfiguration section */
		198504721FCDCA2B006B5222 /* Debug */ = {
			isa = XCBuildConfiguration;
			buildSettings = {
				ALWAYS_SEARCH_USER_PATHS = NO;
				CLANG_ANALYZER_NONNULL = YES;
				CLANG_ANALYZER_NUMBER_OBJECT_CONVERSION = YES_AGGRESSIVE;
				CLANG_CXX_LANGUAGE_STANDARD = "gnu++14";
				CLANG_CXX_LIBRARY = "libc++";
				CLANG_ENABLE_MODULES = YES;
				CLANG_ENABLE_OBJC_ARC = YES;
				CLANG_WARN_BLOCK_CAPTURE_AUTORELEASING = YES;
				CLANG_WARN_BOOL_CONVERSION = YES;
				CLANG_WARN_COMMA = YES;
				CLANG_WARN_CONSTANT_CONVERSION = YES;
				CLANG_WARN_DIRECT_OBJC_ISA_USAGE = YES_ERROR;
				CLANG_WARN_DOCUMENTATION_COMMENTS = YES;
				CLANG_WARN_EMPTY_BODY = YES;
				CLANG_WARN_ENUM_CONVERSION = YES;
				CLANG_WARN_INFINITE_RECURSION = YES;
				CLANG_WARN_INT_CONVERSION = YES;
				CLANG_WARN_NON_LITERAL_NULL_CONVERSION = YES;
				CLANG_WARN_OBJC_LITERAL_CONVERSION = YES;
				CLANG_WARN_OBJC_ROOT_CLASS = YES_ERROR;
				CLANG_WARN_RANGE_LOOP_ANALYSIS = YES;
				CLANG_WARN_STRICT_PROTOTYPES = YES;
				CLANG_WARN_SUSPICIOUS_MOVE = YES;
				CLANG_WARN_UNGUARDED_AVAILABILITY = YES_AGGRESSIVE;
				CLANG_WARN_UNREACHABLE_CODE = YES;
				CLANG_WARN__DUPLICATE_METHOD_MATCH = YES;
				CODE_SIGN_IDENTITY = "iPhone Developer";
				COPY_PHASE_STRIP = NO;
				DEBUG_INFORMATION_FORMAT = dwarf;
				ENABLE_STRICT_OBJC_MSGSEND = YES;
				ENABLE_TESTABILITY = YES;
				GCC_C_LANGUAGE_STANDARD = gnu11;
				GCC_DYNAMIC_NO_PIC = NO;
				GCC_NO_COMMON_BLOCKS = YES;
				GCC_OPTIMIZATION_LEVEL = 0;
				GCC_PREPROCESSOR_DEFINITIONS = (
					"DEBUG=1",
					"$(inherited)",
				);
				GCC_WARN_64_TO_32_BIT_CONVERSION = YES;
				GCC_WARN_ABOUT_RETURN_TYPE = YES_ERROR;
				GCC_WARN_UNDECLARED_SELECTOR = YES;
				GCC_WARN_UNINITIALIZED_AUTOS = YES_AGGRESSIVE;
				GCC_WARN_UNUSED_FUNCTION = YES;
				GCC_WARN_UNUSED_VARIABLE = YES;
				IPHONEOS_DEPLOYMENT_TARGET = 11.1;
				MTL_ENABLE_DEBUG_INFO = YES;
				ONLY_ACTIVE_ARCH = YES;
				SDKROOT = iphoneos;
				SWIFT_ACTIVE_COMPILATION_CONDITIONS = DEBUG;
				SWIFT_OPTIMIZATION_LEVEL = "-Onone";
			};
			name = Debug;
		};
		198504731FCDCA2B006B5222 /* Release */ = {
			isa = XCBuildConfiguration;
			buildSettings = {
				ALWAYS_SEARCH_USER_PATHS = NO;
				CLANG_ANALYZER_NONNULL = YES;
				CLANG_ANALYZER_NUMBER_OBJECT_CONVERSION = YES_AGGRESSIVE;
				CLANG_CXX_LANGUAGE_STANDARD = "gnu++14";
				CLANG_CXX_LIBRARY = "libc++";
				CLANG_ENABLE_MODULES = YES;
				CLANG_ENABLE_OBJC_ARC = YES;
				CLANG_WARN_BLOCK_CAPTURE_AUTORELEASING = YES;
				CLANG_WARN_BOOL_CONVERSION = YES;
				CLANG_WARN_COMMA = YES;
				CLANG_WARN_CONSTANT_CONVERSION = YES;
				CLANG_WARN_DIRECT_OBJC_ISA_USAGE = YES_ERROR;
				CLANG_WARN_DOCUMENTATION_COMMENTS = YES;
				CLANG_WARN_EMPTY_BODY = YES;
				CLANG_WARN_ENUM_CONVERSION = YES;
				CLANG_WARN_INFINITE_RECURSION = YES;
				CLANG_WARN_INT_CONVERSION = YES;
				CLANG_WARN_NON_LITERAL_NULL_CONVERSION = YES;
				CLANG_WARN_OBJC_LITERAL_CONVERSION = YES;
				CLANG_WARN_OBJC_ROOT_CLASS = YES_ERROR;
				CLANG_WARN_RANGE_LOOP_ANALYSIS = YES;
				CLANG_WARN_STRICT_PROTOTYPES = YES;
				CLANG_WARN_SUSPICIOUS_MOVE = YES;
				CLANG_WARN_UNGUARDED_AVAILABILITY = YES_AGGRESSIVE;
				CLANG_WARN_UNREACHABLE_CODE = YES;
				CLANG_WARN__DUPLICATE_METHOD_MATCH = YES;
				CODE_SIGN_IDENTITY = "iPhone Developer";
				COPY_PHASE_STRIP = NO;
				DEBUG_INFORMATION_FORMAT = "dwarf-with-dsym";
				ENABLE_NS_ASSERTIONS = NO;
				ENABLE_STRICT_OBJC_MSGSEND = YES;
				GCC_C_LANGUAGE_STANDARD = gnu11;
				GCC_NO_COMMON_BLOCKS = YES;
				GCC_WARN_64_TO_32_BIT_CONVERSION = YES;
				GCC_WARN_ABOUT_RETURN_TYPE = YES_ERROR;
				GCC_WARN_UNDECLARED_SELECTOR = YES;
				GCC_WARN_UNINITIALIZED_AUTOS = YES_AGGRESSIVE;
				GCC_WARN_UNUSED_FUNCTION = YES;
				GCC_WARN_UNUSED_VARIABLE = YES;
				IPHONEOS_DEPLOYMENT_TARGET = 11.1;
				MTL_ENABLE_DEBUG_INFO = NO;
				SDKROOT = iphoneos;
				SWIFT_OPTIMIZATION_LEVEL = "-Owholemodule";
				VALIDATE_PRODUCT = YES;
			};
			name = Release;
		};
		198504751FCDCA2B006B5222 /* Debug */ = {
			isa = XCBuildConfiguration;
			buildSettings = {
				ASSETCATALOG_COMPILER_APPICON_NAME = AppIcon;
				CODE_SIGN_STYLE = Automatic;
				DEVELOPMENT_TEAM = 3Y76RJ7F4T;
				INFOPLIST_FILE = BrickBreaker/Info.plist;
				LD_RUNPATH_SEARCH_PATHS = "$(inherited) @executable_path/Frameworks";
				PRODUCT_BUNDLE_IDENTIFIER = MG.BrickBreaker;
				PRODUCT_NAME = "$(TARGET_NAME)";
				SWIFT_VERSION = 4.0;
				TARGETED_DEVICE_FAMILY = "1,2";
			};
			name = Debug;
		};
		198504761FCDCA2B006B5222 /* Release */ = {
			isa = XCBuildConfiguration;
			buildSettings = {
				ASSETCATALOG_COMPILER_APPICON_NAME = AppIcon;
				CODE_SIGN_STYLE = Automatic;
				DEVELOPMENT_TEAM = 3Y76RJ7F4T;
				INFOPLIST_FILE = BrickBreaker/Info.plist;
				LD_RUNPATH_SEARCH_PATHS = "$(inherited) @executable_path/Frameworks";
				PRODUCT_BUNDLE_IDENTIFIER = MG.BrickBreaker;
				PRODUCT_NAME = "$(TARGET_NAME)";
				SWIFT_VERSION = 4.0;
				TARGETED_DEVICE_FAMILY = "1,2";
			};
			name = Release;
		};
		198504781FCDCA2B006B5222 /* Debug */ = {
			isa = XCBuildConfiguration;
			buildSettings = {
				ALWAYS_EMBED_SWIFT_STANDARD_LIBRARIES = YES;
				BUNDLE_LOADER = "$(TEST_HOST)";
				CODE_SIGN_STYLE = Automatic;
				INFOPLIST_FILE = BrickBreakerTests/Info.plist;
				LD_RUNPATH_SEARCH_PATHS = "$(inherited) @executable_path/Frameworks @loader_path/Frameworks";
				PRODUCT_BUNDLE_IDENTIFIER = MG.BrickBreakerTests;
				PRODUCT_NAME = "$(TARGET_NAME)";
				SWIFT_VERSION = 4.0;
				TARGETED_DEVICE_FAMILY = "1,2";
				TEST_HOST = "$(BUILT_PRODUCTS_DIR)/BrickBreaker.app/BrickBreaker";
			};
			name = Debug;
		};
		198504791FCDCA2B006B5222 /* Release */ = {
			isa = XCBuildConfiguration;
			buildSettings = {
				ALWAYS_EMBED_SWIFT_STANDARD_LIBRARIES = YES;
				BUNDLE_LOADER = "$(TEST_HOST)";
				CODE_SIGN_STYLE = Automatic;
				INFOPLIST_FILE = BrickBreakerTests/Info.plist;
				LD_RUNPATH_SEARCH_PATHS = "$(inherited) @executable_path/Frameworks @loader_path/Frameworks";
				PRODUCT_BUNDLE_IDENTIFIER = MG.BrickBreakerTests;
				PRODUCT_NAME = "$(TARGET_NAME)";
				SWIFT_VERSION = 4.0;
				TARGETED_DEVICE_FAMILY = "1,2";
				TEST_HOST = "$(BUILT_PRODUCTS_DIR)/BrickBreaker.app/BrickBreaker";
			};
			name = Release;
		};
		1985047B1FCDCA2B006B5222 /* Debug */ = {
			isa = XCBuildConfiguration;
			buildSettings = {
				ALWAYS_EMBED_SWIFT_STANDARD_LIBRARIES = YES;
				CODE_SIGN_STYLE = Automatic;
				INFOPLIST_FILE = BrickBreakerUITests/Info.plist;
				LD_RUNPATH_SEARCH_PATHS = "$(inherited) @executable_path/Frameworks @loader_path/Frameworks";
				PRODUCT_BUNDLE_IDENTIFIER = MG.BrickBreakerUITests;
				PRODUCT_NAME = "$(TARGET_NAME)";
				SWIFT_VERSION = 4.0;
				TARGETED_DEVICE_FAMILY = "1,2";
				TEST_TARGET_NAME = BrickBreaker;
			};
			name = Debug;
		};
		1985047C1FCDCA2B006B5222 /* Release */ = {
			isa = XCBuildConfiguration;
			buildSettings = {
				ALWAYS_EMBED_SWIFT_STANDARD_LIBRARIES = YES;
				CODE_SIGN_STYLE = Automatic;
				INFOPLIST_FILE = BrickBreakerUITests/Info.plist;
				LD_RUNPATH_SEARCH_PATHS = "$(inherited) @executable_path/Frameworks @loader_path/Frameworks";
				PRODUCT_BUNDLE_IDENTIFIER = MG.BrickBreakerUITests;
				PRODUCT_NAME = "$(TARGET_NAME)";
				SWIFT_VERSION = 4.0;
				TARGETED_DEVICE_FAMILY = "1,2";
				TEST_TARGET_NAME = BrickBreaker;
			};
			name = Release;
		};
/* End XCBuildConfiguration section */

/* Begin XCConfigurationList section */
		198504411FCDCA2B006B5222 /* Build configuration list for PBXProject "BrickBreaker" */ = {
			isa = XCConfigurationList;
			buildConfigurations = (
				198504721FCDCA2B006B5222 /* Debug */,
				198504731FCDCA2B006B5222 /* Release */,
			);
			defaultConfigurationIsVisible = 0;
			defaultConfigurationName = Release;
		};
		198504741FCDCA2B006B5222 /* Build configuration list for PBXNativeTarget "BrickBreaker" */ = {
			isa = XCConfigurationList;
			buildConfigurations = (
				198504751FCDCA2B006B5222 /* Debug */,
				198504761FCDCA2B006B5222 /* Release */,
			);
			defaultConfigurationIsVisible = 0;
			defaultConfigurationName = Release;
		};
		198504771FCDCA2B006B5222 /* Build configuration list for PBXNativeTarget "BrickBreakerTests" */ = {
			isa = XCConfigurationList;
			buildConfigurations = (
				198504781FCDCA2B006B5222 /* Debug */,
				198504791FCDCA2B006B5222 /* Release */,
			);
			defaultConfigurationIsVisible = 0;
			defaultConfigurationName = Release;
		};
		1985047A1FCDCA2B006B5222 /* Build configuration list for PBXNativeTarget "BrickBreakerUITests" */ = {
			isa = XCConfigurationList;
			buildConfigurations = (
				1985047B1FCDCA2B006B5222 /* Debug */,
				1985047C1FCDCA2B006B5222 /* Release */,
			);
			defaultConfigurationIsVisible = 0;
			defaultConfigurationName = Release;
		};
/* End XCConfigurationList section */
	};
	rootObject = 1985043E1FCDCA2B006B5222 /* Project object */;
}
